{
  "name": "calendar",
  "version": "1.0.0",
  "lockfileVersion": 1,
  "requires": true,
  "dependencies": {
    "@fullcalendar/common": {
      "version": "5.4.0",
      "resolved": "https://registry.npmjs.org/@fullcalendar/common/-/common-5.4.0.tgz",
      "integrity": "sha512-w6C5VLxZmS8AmbAIiIHy+p+S/G9wtsvFEgyM/Ijd+5/ENKV4bs8ieOsetdl79WUheRKg0oXiiG5fy1X3EFk/Gg==",
      "requires": {
        "tslib": "^2.0.3"
      }
    },
    "@fullcalendar/core": {
      "version": "5.4.0",
      "resolved": "https://registry.npmjs.org/@fullcalendar/core/-/core-5.4.0.tgz",
      "integrity": "sha512-brg5TI/ZrCm+gBdKRkDLuenUxAEYa40Esw6yAtLbx0azRinhOZ+koqy4J3VA3dnv2W5HI9agVr9wuQLHWjqDtw==",
      "requires": {
        "@fullcalendar/common": "~5.4.0",
        "preact": "^10.0.5",
        "tslib": "^2.0.3"
      }
    },
    "@fullcalendar/daygrid": {
      "version": "5.4.0",
      "resolved": "https://registry.npmjs.org/@fullcalendar/daygrid/-/daygrid-5.4.0.tgz",
      "integrity": "sha512-UgBcEWNMFuhnwQNH0NP1qWo3swH3jAqXY7Y43eQakwwFbCuP/gBSmiOgkVnfK2SmPJTDMEnFR5jApcXPlpPXlQ==",
      "requires": {
        "@fullcalendar/common": "~5.4.0",
        "tslib": "^2.0.3"
      }
    },
    "@fullcalendar/vue": {
      "version": "5.4.0",
      "resolved": "https://registry.npmjs.org/@fullcalendar/vue/-/vue-5.4.0.tgz",
      "integrity": "sha512-y24GvnrdZ0bT7+bzFCeqXfvluObMs4vGtRcwGhHTjFGtVpVUJleYtFhzUcx2DTbAwIv/bQgCxIemu59TyeTTHQ==",
      "requires": {
        "@fullcalendar/core": "~5.4.0",
        "tslib": "^2.0.3"
      }
    },
    "core-js": {
      "version": "3.8.1",
      "resolved": "https://registry.npmjs.org/core-js/-/core-js-3.8.1.tgz",
      "integrity": "sha512-9Id2xHY1W7m8hCl8NkhQn5CufmF/WuR30BTRewvCXc1aZd3kMECwNZ69ndLbekKfakw9Rf2Xyc+QR6E7Gg+obg=="
    },
    "date-fns": {
      "version": "2.16.1",
      "resolved": "https://registry.npmjs.org/date-fns/-/date-fns-2.16.1.tgz",
      "integrity": "sha512-sAJVKx/FqrLYHAQeN7VpJrPhagZc9R4ImZIWYRFZaaohR3KzmuK88touwsSwSVT8Qcbd4zoDsnGfX4GFB4imyQ=="
    },
    "date-fns-tz": {
      "version": "1.0.12",
      "resolved": "https://registry.npmjs.org/date-fns-tz/-/date-fns-tz-1.0.12.tgz",
      "integrity": "sha512-Ca+9pjGkU90XDHnclfSjz9o7g/ZqyYyYI0aCYmbf65P75oy8gktuaRslO3UPXl3ADgAnF9/KCykQkpU3/xvtWQ=="
    },
    "lodash": {
      "version": "4.17.20",
      "resolved": "https://registry.npmjs.org/lodash/-/lodash-4.17.20.tgz",
      "integrity": "sha512-PlhdFcillOINfeV7Ni6oF1TAEayyZBoZ8bcshTHqOYJYlrqzRK5hagpagky5o4HfCzzd1TRkXPMFq6cKk9rGmA=="
    },
    "preact": {
      "version": "10.5.7",
      "resolved": "https://registry.npmjs.org/preact/-/preact-10.5.7.tgz",
      "integrity": "sha512-4oEpz75t/0UNcwmcsjk+BIcDdk68oao+7kxcpc1hQPNs2Oo3ZL9xFz8UBf350mxk/VEdD41L5b4l2dE3Ug3RYg=="
    },
    "tslib": {
      "version": "2.0.3",
      "resolved": "https://registry.npmjs.org/tslib/-/tslib-2.0.3.tgz",
      "integrity": "sha512-uZtkfKblCEQtZKBF6EBXVZeQNl82yqtDQdv+eck8u7tdPxjLu2/lp5/uPW+um2tpuxINHWy3GhiccY7QgEaVHQ=="
    },
    "v-calendar": {
      "version": "2.1.2",
      "resolved": "https://registry.npmjs.org/v-calendar/-/v-calendar-2.1.2.tgz",
      "integrity": "sha512-4LQNwPI3IQ9Z5qITFPNFPjeXkYc1vF67gwjuGNz2qDmR6KMPbRvZBlO32gC8OwzaBZ+loDkELQ4hXmuwVCztPA==",
      "requires": {
        "core-js": "^3.6.5",
        "date-fns": "^2.8.1",
        "date-fns-tz": "^1.0.12",
        "lodash": "^4.17.15"
      }
    },
    "vue-cal": {
      "version": "3.9.0",
      "resolved": "https://registry.npmjs.org/vue-cal/-/vue-cal-3.9.0.tgz",
      "integrity": "sha512-rD5BWeUW4TiaOtA/qdHSBlLBKdF1tc3GayqiEDpCB3kxx/fmJiUtyqSfLtG1UWsPPWBcYQuFE+tjPm3LCtoMEA=="
    }
  }
}
